<?xml version="1.0" encoding="utf-8"?>
<Project ToolsVersion="4.0" xmlns="http://schemas.microsoft.com/developer/msbuild/2003">
  <ItemGroup>
    <Filter Include="Source Files">
      <UniqueIdentifier>{4FC737F1-C7A5-4376-A066-2A32D752A2FF}</UniqueIdentifier>
      <Extensions>cpp;c;cc;cxx;def;odl;idl;hpj;bat;asm;asmx</Extensions>
    </Filter>
    <Filter Include="Header Files">
      <UniqueIdentifier>{93995380-89BD-4b04-88EB-625FBE52EBFB}</UniqueIdentifier>
      <Extensions>h;hh;hpp;hxx;hm;inl;inc;ipp;xsd</Extensions>
    </Filter>
    <Filter Include="Resource Files">
      <UniqueIdentifier>{67DA6AB6-F800-4c08-8B7A-83BB121AAD01}</UniqueIdentifier>
      <Extensions>rc;ico;cur;bmp;dlg;rc2;rct;bin;rgs;gif;jpg;jpeg;jpe;resx;tiff;tif;png;wav;mfcribbon-ms</Extensions>
    </Filter>
  </ItemGroup>
  <ItemGroup>
    <ClInclude Include="targetver.h">
      <Filter>Header Files</Filter>
    </ClInclude>
    <ClInclude Include="header\display\render\GuiRenderer.h">
      <Filter>Header Files</Filter>
    </ClInclude>
    <ClInclude Include="header\display\render\LevelRenderer.h">
      <Filter>Header Files</Filter>
    </ClInclude>
    <ClInclude Include="header\display\render\TextRenderer.h">
      <Filter>Header Files</Filter>
    </ClInclude>
    <ClInclude Include="header\display\render\TileRenderer.h">
      <Filter>Header Files</Filter>
    </ClInclude>
    <ClInclude Include="header\display\DisplayManager.h">
      <Filter>Header Files</Filter>
    </ClInclude>
    <ClInclude Include="header\entity\EnemyPlayer.h">
      <Filter>Header Files</Filter>
    </ClInclude>
    <ClInclude Include="header\entity\Entity.h">
      <Filter>Header Files</Filter>
    </ClInclude>
    <ClInclude Include="header\entity\Player.h">
      <Filter>Header Files</Filter>
    </ClInclude>
    <ClInclude Include="header\enums\Action.h">
      <Filter>Header Files</Filter>
    </ClInclude>
    <ClInclude Include="header\enums\ControlType.h">
      <Filter>Header Files</Filter>
    </ClInclude>
    <ClInclude Include="header\enums\GameState.h">
      <Filter>Header Files</Filter>
    </ClInclude>
    <ClInclude Include="header\enums\PacketType.h">
      <Filter>Header Files</Filter>
    </ClInclude>
    <ClInclude Include="header\enums\PlayerState.h">
      <Filter>Header Files</Filter>
    </ClInclude>
    <ClInclude Include="header\enums\Rotation.h">
      <Filter>Header Files</Filter>
    </ClInclude>
    <ClInclude Include="header\enums\ScoreAction.h">
      <Filter>Header Files</Filter>
    </ClInclude>
    <ClInclude Include="header\game\BuildType.h">
      <Filter>Header Files</Filter>
    </ClInclude>
    <ClInclude Include="header\game\EntityProperties.h">
      <Filter>Header Files</Filter>
    </ClInclude>
    <ClInclude Include="header\game\GameManager.h">
      <Filter>Header Files</Filter>
    </ClInclude>
    <ClInclude Include="header\game\GameSaver.h">
      <Filter>Header Files</Filter>
    </ClInclude>
    <ClInclude Include="header\game\ScoreManager.h">
      <Filter>Header Files</Filter>
    </ClInclude>
    <ClInclude Include="header\game\TileProperties.h">
      <Filter>Header Files</Filter>
    </ClInclude>
    <ClInclude Include="header\gui\menus\ClientIPAskingMenu.h">
      <Filter>Header Files</Filter>
    </ClInclude>
    <ClInclude Include="header\gui\menus\HighScoreMenu.h">
      <Filter>Header Files</Filter>
    </ClInclude>
    <ClInclude Include="header\gui\menus\HostWaitingMenu.h">
      <Filter>Header Files</Filter>
    </ClInclude>
    <ClInclude Include="header\gui\menus\LocalWonMenu.h">
      <Filter>Header Files</Filter>
    </ClInclude>
    <ClInclude Include="header\gui\menus\MainMenu.h">
      <Filter>Header Files</Filter>
    </ClInclude>
    <ClInclude Include="header\gui\menus\Menu.h">
      <Filter>Header Files</Filter>
    </ClInclude>
    <ClInclude Include="header\gui\menus\OnlineLostMenu.h">
      <Filter>Header Files</Filter>
    </ClInclude>
    <ClInclude Include="header\gui\menus\OnlineWonMenu.h">
      <Filter>Header Files</Filter>
    </ClInclude>
    <ClInclude Include="header\gui\menus\PlayingMenu.h">
      <Filter>Header Files</Filter>
    </ClInclude>
    <ClInclude Include="header\gui\Gui.h">
      <Filter>Header Files</Filter>
    </ClInclude>
    <ClInclude Include="header\handler\AudioHandler.h">
      <Filter>Header Files</Filter>
    </ClInclude>
    <ClInclude Include="header\handler\CollisionHandler.h">
      <Filter>Header Files</Filter>
    </ClInclude>
    <ClInclude Include="header\handler\FontHandler.h">
      <Filter>Header Files</Filter>
    </ClInclude>
    <ClInclude Include="header\handler\KeyboardHandler.h">
      <Filter>Header Files</Filter>
    </ClInclude>
    <ClInclude Include="header\handler\LevelHandler.h">
      <Filter>Header Files</Filter>
    </ClInclude>
    <ClInclude Include="header\handler\ModelHandler.h">
      <Filter>Header Files</Filter>
    </ClInclude>
    <ClInclude Include="header\handler\MouseHandler.h">
      <Filter>Header Files</Filter>
    </ClInclude>
    <ClInclude Include="header\handler\NetworkHandler.h">
      <Filter>Header Files</Filter>
    </ClInclude>
    <ClInclude Include="header\handler\RenderHandler.h">
      <Filter>Header Files</Filter>
    </ClInclude>
    <ClInclude Include="header\interfaces\Updateable.h">
      <Filter>Header Files</Filter>
    </ClInclude>
    <ClInclude Include="header\level\Bomb.h">
      <Filter>Header Files</Filter>
    </ClInclude>
    <ClInclude Include="header\level\Explosion.h">
      <Filter>Header Files</Filter>
    </ClInclude>
    <ClInclude Include="header\level\Level.h">
      <Filter>Header Files</Filter>
    </ClInclude>
    <ClInclude Include="header\level\LevelLoader.h">
      <Filter>Header Files</Filter>
    </ClInclude>
    <ClInclude Include="header\loading\texture\Texture.h">
      <Filter>Header Files</Filter>
    </ClInclude>
    <ClInclude Include="header\loading\texture\TextureLoader.h">
      <Filter>Header Files</Filter>
    </ClInclude>
    <ClInclude Include="header\loading\Loader.h">
      <Filter>Header Files</Filter>
    </ClInclude>
    <ClInclude Include="header\mod\EventType.h">
      <Filter>Header Files</Filter>
    </ClInclude>
    <ClInclude Include="header\mod\ModAPI.h">
      <Filter>Header Files</Filter>
    </ClInclude>
    <ClInclude Include="header\networking\packet\BombPacket.h">
      <Filter>Header Files</Filter>
    </ClInclude>
    <ClInclude Include="header\networking\packet\LevelPacket.h">
      <Filter>Header Files</Filter>
    </ClInclude>
    <ClInclude Include="header\networking\packet\Packet.h">
      <Filter>Header Files</Filter>
    </ClInclude>
    <ClInclude Include="header\networking\packet\PlayerPacket.h">
      <Filter>Header Files</Filter>
    </ClInclude>
    <ClInclude Include="header\networking\Client.h">
      <Filter>Header Files</Filter>
    </ClInclude>
    <ClInclude Include="header\networking\Server.h">
      <Filter>Header Files</Filter>
    </ClInclude>
    <ClInclude Include="header\objects\ModelTexture.h">
      <Filter>Header Files</Filter>
    </ClInclude>
    <ClInclude Include="header\objects\RawModel.h">
      <Filter>Header Files</Filter>
    </ClInclude>
    <ClInclude Include="header\objects\TexturedModel.h">
      <Filter>Header Files</Filter>
    </ClInclude>
    <ClInclude Include="header\objects\Tile.h">
      <Filter>Header Files</Filter>
    </ClInclude>
    <ClInclude Include="header\shaders\uniform\include\Uniforms.h">
      <Filter>Header Files</Filter>
    </ClInclude>
    <ClInclude Include="header\shaders\uniform\Uniform.h">
      <Filter>Header Files</Filter>
    </ClInclude>
    <ClInclude Include="header\shaders\uniform\UniformBool.h">
      <Filter>Header Files</Filter>
    </ClInclude>
    <ClInclude Include="header\shaders\uniform\UniformFloat.h">
      <Filter>Header Files</Filter>
    </ClInclude>
    <ClInclude Include="header\shaders\uniform\UniformInt.h">
      <Filter>Header Files</Filter>
    </ClInclude>
    <ClInclude Include="header\shaders\uniform\UniformMatrix.h">
      <Filter>Header Files</Filter>
    </ClInclude>
    <ClInclude Include="header\shaders\uniform\UniformSampler.h">
      <Filter>Header Files</Filter>
    </ClInclude>
    <ClInclude Include="header\shaders\uniform\UniformVec2.h">
      <Filter>Header Files</Filter>
    </ClInclude>
    <ClInclude Include="header\shaders\uniform\UniformVec3.h">
      <Filter>Header Files</Filter>
    </ClInclude>
    <ClInclude Include="header\shaders\uniform\UniformVec4.h">
      <Filter>Header Files</Filter>
    </ClInclude>
    <ClInclude Include="header\shaders\GuiShader.h">
      <Filter>Header Files</Filter>
    </ClInclude>
    <ClInclude Include="header\shaders\ShaderProgram.h">
      <Filter>Header Files</Filter>
    </ClInclude>
    <ClInclude Include="header\shaders\StaticShader.h">
      <Filter>Header Files</Filter>
    </ClInclude>
    <ClInclude Include="header\shaders\TextShader.h">
      <Filter>Header Files</Filter>
    </ClInclude>
    <ClInclude Include="header\text\Font.h">
      <Filter>Header Files</Filter>
    </ClInclude>
    <ClInclude Include="header\text\Label.h">
      <Filter>Header Files</Filter>
    </ClInclude>
    <ClInclude Include="header\text\TextButton.h">
      <Filter>Header Files</Filter>
    </ClInclude>
    <ClInclude Include="header\util\MathHelper.h">
      <Filter>Header Files</Filter>
    </ClInclude>
    <ClInclude Include="header\util\TexturedModelCompare.h">
      <Filter>Header Files</Filter>
    </ClInclude>
    <ClInclude Include="header\Main.h">
      <Filter>Header Files</Filter>
    </ClInclude>
    <ClInclude Include="header\pch.h">
      <Filter>Header Files</Filter>
    </ClInclude>
  </ItemGroup>
  <ItemGroup>
    <ClCompile Include="dllmain.cpp">
      <Filter>Source Files</Filter>
    </ClCompile>
    <ClCompile Include="src\display\render\GuiRenderer.cpp">
      <Filter>Source Files</Filter>
    </ClCompile>
    <ClCompile Include="src\display\render\LevelRenderer.cpp">
      <Filter>Source Files</Filter>
    </ClCompile>
    <ClCompile Include="src\display\render\TextRenderer.cpp">
      <Filter>Source Files</Filter>
    </ClCompile>
    <ClCompile Include="src\display\render\TileRenderer.cpp">
      <Filter>Source Files</Filter>
    </ClCompile>
    <ClCompile Include="src\display\DisplayManager.cpp">
      <Filter>Source Files</Filter>
    </ClCompile>
    <ClCompile Include="src\entity\EnemyPlayer.cpp">
      <Filter>Source Files</Filter>
    </ClCompile>
    <ClCompile Include="src\entity\Entity.cpp">
      <Filter>Source Files</Filter>
    </ClCompile>
    <ClCompile Include="src\entity\Player.cpp">
      <Filter>Source Files</Filter>
    </ClCompile>
    <ClCompile Include="src\game\GameManager.cpp">
      <Filter>Source Files</Filter>
    </ClCompile>
    <ClCompile Include="src\game\GameSaver.cpp">
      <Filter>Source Files</Filter>
    </ClCompile>
    <ClCompile Include="src\game\ScoreManager.cpp">
      <Filter>Source Files</Filter>
    </ClCompile>
    <ClCompile Include="src\gui\menus\ClientIPAskingMenu.cpp">
      <Filter>Source Files</Filter>
    </ClCompile>
    <ClCompile Include="src\gui\menus\HighScoreMenu.cpp">
      <Filter>Source Files</Filter>
    </ClCompile>
    <ClCompile Include="src\gui\menus\HostWaitingMenu.cpp">
      <Filter>Source Files</Filter>
    </ClCompile>
    <ClCompile Include="src\gui\menus\LocalWonMenu.cpp">
      <Filter>Source Files</Filter>
    </ClCompile>
    <ClCompile Include="src\gui\menus\MainMenu.cpp">
      <Filter>Source Files</Filter>
    </ClCompile>
    <ClCompile Include="src\gui\menus\Menu.cpp">
      <Filter>Source Files</Filter>
    </ClCompile>
    <ClCompile Include="src\gui\menus\OnlineLostMenu.cpp">
      <Filter>Source Files</Filter>
    </ClCompile>
    <ClCompile Include="src\gui\menus\OnlineWonMenu.cpp">
      <Filter>Source Files</Filter>
    </ClCompile>
    <ClCompile Include="src\gui\menus\PlayingMenu.cpp">
      <Filter>Source Files</Filter>
    </ClCompile>
    <ClCompile Include="src\gui\Gui.cpp">
      <Filter>Source Files</Filter>
    </ClCompile>
    <ClCompile Include="src\handler\AudioHandler.cpp">
      <Filter>Source Files</Filter>
    </ClCompile>
    <ClCompile Include="src\handler\CollisionHandler.cpp">
      <Filter>Source Files</Filter>
    </ClCompile>
    <ClCompile Include="src\handler\EntityProperties.cpp">
      <Filter>Source Files</Filter>
    </ClCompile>
    <ClCompile Include="src\handler\FontHandler.cpp">
      <Filter>Source Files</Filter>
    </ClCompile>
    <ClCompile Include="src\handler\KeyboardHandler.cpp">
      <Filter>Source Files</Filter>
    </ClCompile>
    <ClCompile Include="src\handler\LevelHandler.cpp">
      <Filter>Source Files</Filter>
    </ClCompile>
    <ClCompile Include="src\handler\ModelHandler.cpp">
      <Filter>Source Files</Filter>
    </ClCompile>
    <ClCompile Include="src\handler\MouseHandler.cpp">
      <Filter>Source Files</Filter>
    </ClCompile>
    <ClCompile Include="src\handler\NetworkHandler.cpp">
      <Filter>Source Files</Filter>
    </ClCompile>
    <ClCompile Include="src\handler\RenderHandler.cpp">
      <Filter>Source Files</Filter>
    </ClCompile>
    <ClCompile Include="src\level\Bomb.cpp">
      <Filter>Source Files</Filter>
    </ClCompile>
    <ClCompile Include="src\level\Explosion.cpp">
      <Filter>Source Files</Filter>
    </ClCompile>
    <ClCompile Include="src\level\Level.cpp">
      <Filter>Source Files</Filter>
    </ClCompile>
    <ClCompile Include="src\level\LevelLoader.cpp">
      <Filter>Source Files</Filter>
    </ClCompile>
    <ClCompile Include="src\loading\texture\Texture.cpp">
      <Filter>Source Files</Filter>
    </ClCompile>
    <ClCompile Include="src\loading\texture\TextureLoader.cpp">
      <Filter>Source Files</Filter>
    </ClCompile>
    <ClCompile Include="src\loading\Loader.cpp">
      <Filter>Source Files</Filter>
    </ClCompile>
    <ClCompile Include="src\mod\ModAPI.cpp">
      <Filter>Source Files</Filter>
    </ClCompile>
    <ClCompile Include="src\networking\packet\BombPacket.cpp">
      <Filter>Source Files</Filter>
    </ClCompile>
    <ClCompile Include="src\networking\packet\LevelPacket.cpp">
      <Filter>Source Files</Filter>
    </ClCompile>
    <ClCompile Include="src\networking\packet\Packet.cpp">
      <Filter>Source Files</Filter>
    </ClCompile>
    <ClCompile Include="src\networking\packet\PlayerPacket.cpp">
      <Filter>Source Files</Filter>
    </ClCompile>
    <ClCompile Include="src\networking\Client.cpp">
      <Filter>Source Files</Filter>
    </ClCompile>
    <ClCompile Include="src\networking\Server.cpp">
      <Filter>Source Files</Filter>
    </ClCompile>
    <ClCompile Include="src\objects\ModelTexture.cpp">
      <Filter>Source Files</Filter>
    </ClCompile>
    <ClCompile Include="src\objects\RawModel.cpp">
      <Filter>Source Files</Filter>
    </ClCompile>
    <ClCompile Include="src\objects\TexturedModel.cpp">
      <Filter>Source Files</Filter>
    </ClCompile>
    <ClCompile Include="src\objects\Tile.cpp">
      <Filter>Source Files</Filter>
    </ClCompile>
    <ClCompile Include="src\shaders\uniform\Uniform.cpp">
      <Filter>Source Files</Filter>
    </ClCompile>
    <ClCompile Include="src\shaders\uniform\UniformBool.cpp">
      <Filter>Source Files</Filter>
    </ClCompile>
    <ClCompile Include="src\shaders\uniform\UniformFloat.cpp">
      <Filter>Source Files</Filter>
    </ClCompile>
    <ClCompile Include="src\shaders\uniform\UniformInt.cpp">
      <Filter>Source Files</Filter>
    </ClCompile>
    <ClCompile Include="src\shaders\uniform\UniformMatrix.cpp">
      <Filter>Source Files</Filter>
    </ClCompile>
    <ClCompile Include="src\shaders\uniform\UniformSampler.cpp">
      <Filter>Source Files</Filter>
    </ClCompile>
    <ClCompile Include="src\shaders\uniform\UniformVec2.cpp">
      <Filter>Source Files</Filter>
    </ClCompile>
    <ClCompile Include="src\shaders\uniform\UniformVec3.cpp">
      <Filter>Source Files</Filter>
    </ClCompile>
    <ClCompile Include="src\shaders\uniform\UniformVec4.cpp">
      <Filter>Source Files</Filter>
    </ClCompile>
    <ClCompile Include="src\shaders\GuiShader.cpp">
      <Filter>Source Files</Filter>
    </ClCompile>
    <ClCompile Include="src\shaders\ShaderProgram.cpp">
      <Filter>Source Files</Filter>
    </ClCompile>
    <ClCompile Include="src\shaders\StaticShader.cpp">
      <Filter>Source Files</Filter>
    </ClCompile>
    <ClCompile Include="src\shaders\TextShader.cpp">
      <Filter>Source Files</Filter>
    </ClCompile>
    <ClCompile Include="src\text\Font.cpp">
      <Filter>Source Files</Filter>
    </ClCompile>
    <ClCompile Include="src\text\Label.cpp">
      <Filter>Source Files</Filter>
    </ClCompile>
    <ClCompile Include="src\text\TextButton.cpp">
      <Filter>Source Files</Filter>
    </ClCompile>
    <ClCompile Include="src\util\MathHelper.cpp">
      <Filter>Source Files</Filter>
    </ClCompile>
    <ClCompile Include="src\pch.cpp">
      <Filter>Source Files</Filter>
    </ClCompile>
    <ClCompile Include="src\Main.cpp">
      <Filter>Source Files</Filter>
    </ClCompile>
  </ItemGroup>
</Project>